<?xml version="1.0" encoding="utf-8"?>
<Project ToolsVersion="4.0" xmlns="http://schemas.microsoft.com/developer/msbuild/2003">
  <ItemGroup>
    <ClCompile Include="Geometry.cpp" />
    <ClCompile Include="Vector2D.cpp" />
    <ClCompile Include="WindowController.cpp" />
    <ClCompile Include="GameDirectory.cpp" />
    <ClCompile Include="GameDirectoryInfo.cpp" />
    <ClCompile Include="GameFileIO.cpp" />
    <ClCompile Include="GameIO.cpp" />
    <ClCompile Include="GameKeyInput.cpp" />
    <ClCompile Include="GamePath.cpp" />
    <ClCompile Include="GameTime.cpp" />
  </ItemGroup>
  <ItemGroup>
    <ClInclude Include="Geometry.h" />
    <ClInclude Include="PivotDirection.h" />
    <ClInclude Include="tags.h" />
    <ClInclude Include="Vector2D.h" />
    <ClInclude Include="Well512Random.h" />
    <ClInclude Include="WindowController.h" />
    <ClInclude Include="GameDirectory.h" />
    <ClInclude Include="GameDirectoryInfo.h" />
    <ClInclude Include="GameFileIO.h" />
    <ClInclude Include="GameFileSystem.h" />
    <ClInclude Include="GameIO.h" />
    <ClInclude Include="GameKeyInput.h" />
    <ClInclude Include="GamePath.h" />
    <ClInclude Include="GameTime.h" />
  </ItemGroup>
</Project>